
Microsoft Visual Studio Solution File, Format Version 12.00
# Visual Studio Version 16
VisualStudioVersion = 16.0.29920.165
MinimumVisualStudioVersion = 10.0.40219.1
Project("{FAE04EC0-301F-11D3-BF4B-00C04F79EFBC}") = "jsonokuyaz", "jsonokuyaz\jsonokuyaz.csproj", "{CBE17F47-64A0-4B86-BE81-58C9BCB917C8}"
EndProject
Global
	GlobalSection(SolutionConfigurationPlatforms) = preSolution
		Debug|Any CPU = Debug|Any CPU
		Release|Any CPU = Release|Any CPU
	EndGlobalSection
	GlobalSection(ProjectConfigurationPlatforms) = postSolution
		{CBE17F47-64A0-4B86-BE81-58C9BCB917C8}.Debug|Any CPU.ActiveCfg = Debug|Any CPU
		{CBE17F47-64A0-4B86-BE81-58C9BCB917C8}.Debug|Any CPU.Build.0 = Debug|Any CPU
		{CBE17F47-64A0-4B86-BE81-58C9BCB917C8}.Release|Any CPU.ActiveCfg = Release|Any CPU
		{CBE17F47-64A0-4B86-BE81-58C9BCB917C8}.Release|Any CPU.Build.0 = Release|Any CPU
	EndGlobalSection
	GlobalSection(SolutionProperties) = preSolution
		HideSolutionNode = FALSE
	EndGlobalSection
	GlobalSection(ExtensibilityGlobals) = postSolution
		SolutionGuid = {D6A76DA6-DA30-4007-9598-376CDFDE9307}
	EndGlobalSection
EndGlobal
